
Microsoft Visual Studio Solution File, Format Version 12.00
# Visual Studio Version 17
VisualStudioVersion = 17.13.35828.75
MinimumVisualStudioVersion = 10.0.40219.1
Project("{F5034706-568F-408A-B7B3-4D38C6DB8A32}") = "Vault-API-PowerShell-Script-Samples", "Vault-API-PowerShell-Script-Samples\Vault-API-PowerShell-Script-Samples.pssproj", "{6CAFC0C6-A428-4D30-A9F9-700E829FEA51}"
EndProject
Project("{2150E333-8FDC-42A3-9474-1A3956D46DE8}") = "Vault-API-C#-Samples", "Vault-API-C#-Samples", "{02EA681E-C7D8-13C7-8484-4AC65E1B71E8}"
EndProject
Project("{2150E333-8FDC-42A3-9474-1A3956D46DE8}") = "ECO", "ECO", "{8F47016E-7B1F-4836-BA29-846783F4C65F}"
EndProject
Project("{FAE04EC0-301F-11D3-BF4B-00C04F79EFBC}") = "API-Onboarding-Create-ECO", "Vault-API-C#-Samples\ECO\API-Onboarding-Create-ECO\API-Onboarding-Create-ECO.csproj", "{29823879-1C23-414D-A0E0-107611B91B27}"
EndProject
Project("{2150E333-8FDC-42A3-9474-1A3956D46DE8}") = "Files", "Files", "{0CEBACB2-D62A-4EAD-8CEC-CE73CF294902}"
EndProject
Project("{2150E333-8FDC-42A3-9474-1A3956D46DE8}") = "Autodesk Vault SDK", "Autodesk Vault SDK", "{5042CA04-A6F1-463A-89F0-283241D100C4}"
	ProjectSection(SolutionItems) = preProject
		Autodesk Vault SDK\AdskIdentitySDK.config = Autodesk Vault SDK\AdskIdentitySDK.config
		Autodesk Vault SDK\AdskIdentitySDK.dll = Autodesk Vault SDK\AdskIdentitySDK.dll
		Autodesk Vault SDK\AdskLicensingSDK_9.dll = Autodesk Vault SDK\AdskLicensingSDK_9.dll
		Autodesk Vault SDK\Autodesk.Connectivity.Explorer.Extensibility.dll = Autodesk Vault SDK\Autodesk.Connectivity.Explorer.Extensibility.dll
		Autodesk Vault SDK\Autodesk.Connectivity.Explorer.Extensibility.XML = Autodesk Vault SDK\Autodesk.Connectivity.Explorer.Extensibility.XML
		Autodesk Vault SDK\Autodesk.Connectivity.Explorer.ExtensibilityTools.dll = Autodesk Vault SDK\Autodesk.Connectivity.Explorer.ExtensibilityTools.dll
		Autodesk Vault SDK\Autodesk.Connectivity.Explorer.ExtensibilityTools.XML = Autodesk Vault SDK\Autodesk.Connectivity.Explorer.ExtensibilityTools.XML
		Autodesk Vault SDK\Autodesk.Connectivity.Extensibility.Framework.dll = Autodesk Vault SDK\Autodesk.Connectivity.Extensibility.Framework.dll
		Autodesk Vault SDK\Autodesk.Connectivity.Extensibility.Framework.XML = Autodesk Vault SDK\Autodesk.Connectivity.Extensibility.Framework.XML
		Autodesk Vault SDK\Autodesk.Connectivity.IDServicesWrapper.dll = Autodesk Vault SDK\Autodesk.Connectivity.IDServicesWrapper.dll
		Autodesk Vault SDK\Autodesk.Connectivity.JobProcessor.Extensibility.dll = Autodesk Vault SDK\Autodesk.Connectivity.JobProcessor.Extensibility.dll
		Autodesk Vault SDK\Autodesk.Connectivity.JobProcessor.Extensibility.XML = Autodesk Vault SDK\Autodesk.Connectivity.JobProcessor.Extensibility.XML
		Autodesk Vault SDK\Autodesk.Connectivity.LicenseWrapper.dll = Autodesk Vault SDK\Autodesk.Connectivity.LicenseWrapper.dll
		Autodesk Vault SDK\Autodesk.Connectivity.WebServices.dll = Autodesk Vault SDK\Autodesk.Connectivity.WebServices.dll
		Autodesk Vault SDK\Autodesk.Connectivity.WebServices.WCF.dll = Autodesk Vault SDK\Autodesk.Connectivity.WebServices.WCF.dll
		Autodesk Vault SDK\Autodesk.Connectivity.WebServices.XML = Autodesk Vault SDK\Autodesk.Connectivity.WebServices.XML
		Autodesk Vault SDK\Autodesk.DataManagement.Client.Framework.dll = Autodesk Vault SDK\Autodesk.DataManagement.Client.Framework.dll
		Autodesk Vault SDK\Autodesk.DataManagement.Client.Framework.Forms.dll = Autodesk Vault SDK\Autodesk.DataManagement.Client.Framework.Forms.dll
		Autodesk Vault SDK\Autodesk.DataManagement.Client.Framework.Forms.xml = Autodesk Vault SDK\Autodesk.DataManagement.Client.Framework.Forms.xml
		Autodesk Vault SDK\Autodesk.DataManagement.Client.Framework.Vault.dll = Autodesk Vault SDK\Autodesk.DataManagement.Client.Framework.Vault.dll
		Autodesk Vault SDK\Autodesk.DataManagement.Client.Framework.Vault.Forms.dll = Autodesk Vault SDK\Autodesk.DataManagement.Client.Framework.Vault.Forms.dll
		Autodesk Vault SDK\Autodesk.DataManagement.Client.Framework.Vault.Forms.xml = Autodesk Vault SDK\Autodesk.DataManagement.Client.Framework.Vault.Forms.xml
		Autodesk Vault SDK\Autodesk.DataManagement.Client.Framework.Vault.xml = Autodesk Vault SDK\Autodesk.DataManagement.Client.Framework.Vault.xml
		Autodesk Vault SDK\Autodesk.DataManagement.Client.Framework.xml = Autodesk Vault SDK\Autodesk.DataManagement.Client.Framework.xml
		Autodesk Vault SDK\DevExpress.Data.Desktop.v24.1.dll = Autodesk Vault SDK\DevExpress.Data.Desktop.v24.1.dll
		Autodesk Vault SDK\DevExpress.Data.v24.1.dll = Autodesk Vault SDK\DevExpress.Data.v24.1.dll
		Autodesk Vault SDK\DevExpress.Docs.v24.1.dll = Autodesk Vault SDK\DevExpress.Docs.v24.1.dll
		Autodesk Vault SDK\DevExpress.Drawing.v24.1.dll = Autodesk Vault SDK\DevExpress.Drawing.v24.1.dll
		Autodesk Vault SDK\DevExpress.Images.v24.1.dll = Autodesk Vault SDK\DevExpress.Images.v24.1.dll
		Autodesk Vault SDK\DevExpress.Office.v24.1.Core.dll = Autodesk Vault SDK\DevExpress.Office.v24.1.Core.dll
		Autodesk Vault SDK\DevExpress.Pdf.v24.1.Core.dll = Autodesk Vault SDK\DevExpress.Pdf.v24.1.Core.dll
		Autodesk Vault SDK\DevExpress.Pdf.v24.1.Drawing.dll = Autodesk Vault SDK\DevExpress.Pdf.v24.1.Drawing.dll
		Autodesk Vault SDK\DevExpress.Printing.v24.1.Core.dll = Autodesk Vault SDK\DevExpress.Printing.v24.1.Core.dll
		Autodesk Vault SDK\DevExpress.RichEdit.v24.1.Core.dll = Autodesk Vault SDK\DevExpress.RichEdit.v24.1.Core.dll
		Autodesk Vault SDK\DevExpress.Sparkline.v24.1.Core.dll = Autodesk Vault SDK\DevExpress.Sparkline.v24.1.Core.dll
		Autodesk Vault SDK\DevExpress.Utils.v24.1.dll = Autodesk Vault SDK\DevExpress.Utils.v24.1.dll
		Autodesk Vault SDK\DevExpress.XtraBars.v24.1.dll = Autodesk Vault SDK\DevExpress.XtraBars.v24.1.dll
		Autodesk Vault SDK\DevExpress.XtraEditors.v24.1.dll = Autodesk Vault SDK\DevExpress.XtraEditors.v24.1.dll
		Autodesk Vault SDK\DevExpress.XtraGrid.v24.1.dll = Autodesk Vault SDK\DevExpress.XtraGrid.v24.1.dll
		Autodesk Vault SDK\DevExpress.XtraLayout.v24.1.dll = Autodesk Vault SDK\DevExpress.XtraLayout.v24.1.dll
		Autodesk Vault SDK\DevExpress.XtraNavBar.v24.1.dll = Autodesk Vault SDK\DevExpress.XtraNavBar.v24.1.dll
		Autodesk Vault SDK\DevExpress.XtraPrinting.v24.1.dll = Autodesk Vault SDK\DevExpress.XtraPrinting.v24.1.dll
		Autodesk Vault SDK\DevExpress.XtraRichEdit.v24.1.dll = Autodesk Vault SDK\DevExpress.XtraRichEdit.v24.1.dll
		Autodesk Vault SDK\DevExpress.XtraTreeList.v24.1.dll = Autodesk Vault SDK\DevExpress.XtraTreeList.v24.1.dll
		Autodesk Vault SDK\DevExpress.XtraVerticalGrid.v24.1.dll = Autodesk Vault SDK\DevExpress.XtraVerticalGrid.v24.1.dll
		Autodesk Vault SDK\DevExpress.XtraWizard.v24.1.dll = Autodesk Vault SDK\DevExpress.XtraWizard.v24.1.dll
		Autodesk Vault SDK\Ijwhost.dll = Autodesk Vault SDK\Ijwhost.dll
		Autodesk Vault SDK\Microsoft.Extensions.ObjectPool.dll = Autodesk Vault SDK\Microsoft.Extensions.ObjectPool.dll
		Autodesk Vault SDK\System.Reflection.MetadataLoadContext.dll = Autodesk Vault SDK\System.Reflection.MetadataLoadContext.dll
		Autodesk Vault SDK\System.ServiceModel.Http.dll = Autodesk Vault SDK\System.ServiceModel.Http.dll
		Autodesk Vault SDK\System.ServiceModel.Primitives.dll = Autodesk Vault SDK\System.ServiceModel.Primitives.dll
	EndProjectSection
EndProject
Project("{2150E333-8FDC-42A3-9474-1A3956D46DE8}") = "Items", "Items", "{CCDA00B8-27CC-4ED8-AF3D-A83B384A9760}"
EndProject
Project("{FAE04EC0-301F-11D3-BF4B-00C04F79EFBC}") = "API-ConsoleApp-PromoteFileToItem", "Vault-API-C#-Samples\Items\API-ConsoleApp-PromoteFileToItem\API-ConsoleApp-PromoteFileToItem.csproj", "{99D6FAF8-E82A-429E-95EF-4FF03FAE6C0C}"
EndProject
Project("{FAE04EC0-301F-11D3-BF4B-00C04F79EFBC}") = "API-ConsoleApp-UpdateItemFileAssociations", "Vault-API-C#-Samples\Items\API-ConsoleApp-UpdateItemFileAssociations\API-ConsoleApp-UpdateItemFileAssociations.csproj", "{AC70A57B-0A50-4312-BB35-73EF3ACCBB20}"
EndProject
Project("{2150E333-8FDC-42A3-9474-1A3956D46DE8}") = "Jobs", "Jobs", "{7D289F6A-ACA7-4E7E-A25B-4DE8086C75B0}"
EndProject
Project("{FAE04EC0-301F-11D3-BF4B-00C04F79EFBC}") = "API-FormsApp-UpdateProperties", "Vault-API-C#-Samples\Files\API-FormsApp-UpdateProperties\API-FormsApp-UpdateProperties.csproj", "{055636F4-0107-4320-B6BD-BD970C6DA176}"
EndProject
Project("{FAE04EC0-301F-11D3-BF4B-00C04F79EFBC}") = "CustomObjects_Properties_Name-Value-Map", "Vault-API-C#-Samples\Properties\CustomObjects_Properties_Name-Value-Map\CustomObjects_Properties_Name-Value-Map.csproj", "{877124DA-DADF-451C-BE56-9B8F54E316EC}"
EndProject
Project("{2150E333-8FDC-42A3-9474-1A3956D46DE8}") = "Properties", "Properties", "{20702003-7045-4DCF-99E0-142FA9806222}"
EndProject
Project("{2150E333-8FDC-42A3-9474-1A3956D46DE8}") = "Login", "Login", "{0CDF5FFE-33F2-4E38-9443-88D9B8A034C2}"
EndProject
Project("{2150E333-8FDC-42A3-9474-1A3956D46DE8}") = "VaultDialogs", "VaultDialogs", "{FFCB11DE-E22D-492F-9E98-37F0891C9A4D}"
EndProject
Project("{FAE04EC0-301F-11D3-BF4B-00C04F79EFBC}") = "SelectEntity", "Vault-API-C#-Samples\VaultDialogs\SelectEntity\SelectEntity.csproj", "{76720EFD-DD3F-4BCD-A270-8347B95FEBA7}"
EndProject
Project("{2150E333-8FDC-42A3-9474-1A3956D46DE8}") = "SelectEntity", "SelectEntity", "{3EDD2462-B950-43EC-BC9E-65D98F94C6FC}"
EndProject
Project("{2150E333-8FDC-42A3-9474-1A3956D46DE8}") = "Solution Items", "Solution Items", "{8EC462FD-D22E-90A8-E5CE-7E832BA40C5D}"
	ProjectSection(SolutionItems) = preProject
		Developer Guide.md = Developer Guide.md
		Vault-API-Sample-NavigateToThinClient.mp4 = Vault-API-Sample-NavigateToThinClient.mp4
		Vault-API-Sample-NavigateToVaultExplorer.mp4 = Vault-API-Sample-NavigateToVaultExplorer.mp4
	EndProjectSection
EndProject
Project("{FAE04EC0-301F-11D3-BF4B-00C04F79EFBC}") = "FileProperties_UpdateUdpValues", "Vault-API-C#-Samples\Properties\FileProperties_UpdateUdpValues\FileProperties_UpdateUdpValues.csproj", "{94F0B5F9-8942-42DB-A1C9-8ACEC3C73B95}"
EndProject
Project("{FAE04EC0-301F-11D3-BF4B-00C04F79EFBC}") = "Vault-API-Sample-AutodeskAccountLogin", "Vault-API-C#-Samples\Login\Vault-API-Sample-AutodeskAccountLogin\Vault-API-Sample-AutodeskAccountLogin.csproj", "{7A4ABB34-8348-4BCC-82E7-A9324D638607}"
EndProject
Project("{2150E333-8FDC-42A3-9474-1A3956D46DE8}") = "Navigation", "Navigation", "{4C284F37-317A-4524-888C-9B4F010E3C22}"
	ProjectSection(SolutionItems) = preProject
		Vault-API-C#-Samples\Navigation\Vault Navigation.pptx = Vault-API-C#-Samples\Navigation\Vault Navigation.pptx
	EndProjectSection
EndProject
Project("{FAE04EC0-301F-11D3-BF4B-00C04F79EFBC}") = "Vault-API-Sample-NavigateToVaultExplorer", "Vault-API-C#-Samples\Navigation\Vault-API-Sample-NavigateToVaultExplorer\Vault-API-Sample-NavigateToVaultExplorer.csproj", "{A498CD9E-09EC-4012-AB00-9557B804D4C4}"
EndProject
Project("{FAE04EC0-301F-11D3-BF4B-00C04F79EFBC}") = "Vault-API-Sample-NavigateToVaultThinClient", "Vault-API-C#-Samples\Navigation\Vault-API-Sample-NavigateToVaultThinClient\Vault-API-Sample-NavigateToVaultThinClient.csproj", "{A15C7CA7-BD09-49F2-944C-3CD0D3FEC700}"
EndProject
Project("{FAE04EC0-301F-11D3-BF4B-00C04F79EFBC}") = "HelloWorld", "..\..\..\..\..\Program Files\Autodesk\Autodesk Vault 2026 SDK\VS22\CSharp\HelloWorld\HelloWorld\HelloWorld.csproj", "{609E8758-ED6F-B454-711D-FF6AC13210FB}"
EndProject
Project("{FAE04EC0-301F-11D3-BF4B-00C04F79EFBC}") = "Vault-API-Sample-LogOnUsingDialog", "Vault-API-C#-Samples\Login\Vault-API-Sample-LogOnUsingDialog\Vault-API-Sample-LogOnUsingDialog.csproj", "{91D9C8D3-F0CC-438D-9AFA-7A99F055BA70}"
EndProject
Project("{FAE04EC0-301F-11D3-BF4B-00C04F79EFBC}") = "API-SampleJob-UpdatePartNumberUDP", "Vault-API-C#-Samples\Jobs\API-SampleJob-UpdatePartNumberUDP\API-SampleJob-UpdatePartNumberUDP.csproj", "{8C95E48A-9D68-4367-8624-D9AB8AD5F756}"
EndProject
Global
	GlobalSection(SolutionConfigurationPlatforms) = preSolution
		Debug|Any CPU = Debug|Any CPU
		Debug|x64 = Debug|x64
		Release|Any CPU = Release|Any CPU
		Release|x64 = Release|x64
	EndGlobalSection
	GlobalSection(ProjectConfigurationPlatforms) = postSolution
		{6CAFC0C6-A428-4D30-A9F9-700E829FEA51}.Debug|Any CPU.ActiveCfg = Debug|Any CPU
		{6CAFC0C6-A428-4D30-A9F9-700E829FEA51}.Debug|Any CPU.Build.0 = Debug|Any CPU
		{6CAFC0C6-A428-4D30-A9F9-700E829FEA51}.Debug|x64.ActiveCfg = Debug|Any CPU
		{6CAFC0C6-A428-4D30-A9F9-700E829FEA51}.Release|Any CPU.ActiveCfg = Release|Any CPU
		{6CAFC0C6-A428-4D30-A9F9-700E829FEA51}.Release|Any CPU.Build.0 = Release|Any CPU
		{6CAFC0C6-A428-4D30-A9F9-700E829FEA51}.Release|x64.ActiveCfg = Release|Any CPU
		{6CAFC0C6-A428-4D30-A9F9-700E829FEA51}.Release|x64.Build.0 = Release|Any CPU
		{29823879-1C23-414D-A0E0-107611B91B27}.Debug|Any CPU.ActiveCfg = Debug|x64
		{29823879-1C23-414D-A0E0-107611B91B27}.Debug|Any CPU.Build.0 = Debug|x64
		{29823879-1C23-414D-A0E0-107611B91B27}.Debug|x64.ActiveCfg = Debug|x64
		{29823879-1C23-414D-A0E0-107611B91B27}.Debug|x64.Build.0 = Debug|x64
		{29823879-1C23-414D-A0E0-107611B91B27}.Release|Any CPU.ActiveCfg = Release|x64
		{29823879-1C23-414D-A0E0-107611B91B27}.Release|Any CPU.Build.0 = Release|x64
		{29823879-1C23-414D-A0E0-107611B91B27}.Release|x64.ActiveCfg = Release|x64
		{29823879-1C23-414D-A0E0-107611B91B27}.Release|x64.Build.0 = Release|x64
		{99D6FAF8-E82A-429E-95EF-4FF03FAE6C0C}.Debug|Any CPU.ActiveCfg = Debug|Any CPU
		{99D6FAF8-E82A-429E-95EF-4FF03FAE6C0C}.Debug|Any CPU.Build.0 = Debug|Any CPU
		{99D6FAF8-E82A-429E-95EF-4FF03FAE6C0C}.Debug|x64.ActiveCfg = Debug|Any CPU
		{99D6FAF8-E82A-429E-95EF-4FF03FAE6C0C}.Debug|x64.Build.0 = Debug|Any CPU
		{99D6FAF8-E82A-429E-95EF-4FF03FAE6C0C}.Release|Any CPU.ActiveCfg = Release|Any CPU
		{99D6FAF8-E82A-429E-95EF-4FF03FAE6C0C}.Release|Any CPU.Build.0 = Release|Any CPU
		{99D6FAF8-E82A-429E-95EF-4FF03FAE6C0C}.Release|x64.ActiveCfg = Release|Any CPU
		{99D6FAF8-E82A-429E-95EF-4FF03FAE6C0C}.Release|x64.Build.0 = Release|Any CPU
		{AC70A57B-0A50-4312-BB35-73EF3ACCBB20}.Debug|Any CPU.ActiveCfg = Debug|Any CPU
		{AC70A57B-0A50-4312-BB35-73EF3ACCBB20}.Debug|Any CPU.Build.0 = Debug|Any CPU
		{AC70A57B-0A50-4312-BB35-73EF3ACCBB20}.Debug|x64.ActiveCfg = Debug|Any CPU
		{AC70A57B-0A50-4312-BB35-73EF3ACCBB20}.Debug|x64.Build.0 = Debug|Any CPU
		{AC70A57B-0A50-4312-BB35-73EF3ACCBB20}.Release|Any CPU.ActiveCfg = Release|Any CPU
		{AC70A57B-0A50-4312-BB35-73EF3ACCBB20}.Release|Any CPU.Build.0 = Release|Any CPU
		{AC70A57B-0A50-4312-BB35-73EF3ACCBB20}.Release|x64.ActiveCfg = Release|Any CPU
		{AC70A57B-0A50-4312-BB35-73EF3ACCBB20}.Release|x64.Build.0 = Release|Any CPU
		{055636F4-0107-4320-B6BD-BD970C6DA176}.Debug|Any CPU.ActiveCfg = Debug|Any CPU
		{055636F4-0107-4320-B6BD-BD970C6DA176}.Debug|Any CPU.Build.0 = Debug|Any CPU
		{055636F4-0107-4320-B6BD-BD970C6DA176}.Debug|x64.ActiveCfg = Debug|Any CPU
		{055636F4-0107-4320-B6BD-BD970C6DA176}.Debug|x64.Build.0 = Debug|Any CPU
		{055636F4-0107-4320-B6BD-BD970C6DA176}.Release|Any CPU.ActiveCfg = Release|Any CPU
		{055636F4-0107-4320-B6BD-BD970C6DA176}.Release|Any CPU.Build.0 = Release|Any CPU
		{055636F4-0107-4320-B6BD-BD970C6DA176}.Release|x64.ActiveCfg = Release|Any CPU
		{055636F4-0107-4320-B6BD-BD970C6DA176}.Release|x64.Build.0 = Release|Any CPU
		{877124DA-DADF-451C-BE56-9B8F54E316EC}.Debug|Any CPU.ActiveCfg = Debug|Any CPU
		{877124DA-DADF-451C-BE56-9B8F54E316EC}.Debug|Any CPU.Build.0 = Debug|Any CPU
		{877124DA-DADF-451C-BE56-9B8F54E316EC}.Debug|x64.ActiveCfg = Debug|Any CPU
		{877124DA-DADF-451C-BE56-9B8F54E316EC}.Debug|x64.Build.0 = Debug|Any CPU
		{877124DA-DADF-451C-BE56-9B8F54E316EC}.Release|Any CPU.ActiveCfg = Release|Any CPU
		{877124DA-DADF-451C-BE56-9B8F54E316EC}.Release|Any CPU.Build.0 = Release|Any CPU
		{877124DA-DADF-451C-BE56-9B8F54E316EC}.Release|x64.ActiveCfg = Release|Any CPU
		{877124DA-DADF-451C-BE56-9B8F54E316EC}.Release|x64.Build.0 = Release|Any CPU
		{76720EFD-DD3F-4BCD-A270-8347B95FEBA7}.Debug|Any CPU.ActiveCfg = Debug|Any CPU
		{76720EFD-DD3F-4BCD-A270-8347B95FEBA7}.Debug|Any CPU.Build.0 = Debug|Any CPU
		{76720EFD-DD3F-4BCD-A270-8347B95FEBA7}.Debug|x64.ActiveCfg = Debug|x64
		{76720EFD-DD3F-4BCD-A270-8347B95FEBA7}.Debug|x64.Build.0 = Debug|x64
		{76720EFD-DD3F-4BCD-A270-8347B95FEBA7}.Release|Any CPU.ActiveCfg = Release|Any CPU
		{76720EFD-DD3F-4BCD-A270-8347B95FEBA7}.Release|Any CPU.Build.0 = Release|Any CPU
		{76720EFD-DD3F-4BCD-A270-8347B95FEBA7}.Release|x64.ActiveCfg = Release|Any CPU
		{76720EFD-DD3F-4BCD-A270-8347B95FEBA7}.Release|x64.Build.0 = Release|Any CPU
		{94F0B5F9-8942-42DB-A1C9-8ACEC3C73B95}.Debug|Any CPU.ActiveCfg = Debug|Any CPU
		{94F0B5F9-8942-42DB-A1C9-8ACEC3C73B95}.Debug|Any CPU.Build.0 = Debug|Any CPU
		{94F0B5F9-8942-42DB-A1C9-8ACEC3C73B95}.Debug|x64.ActiveCfg = Debug|Any CPU
		{94F0B5F9-8942-42DB-A1C9-8ACEC3C73B95}.Debug|x64.Build.0 = Debug|Any CPU
		{94F0B5F9-8942-42DB-A1C9-8ACEC3C73B95}.Release|Any CPU.ActiveCfg = Release|Any CPU
		{94F0B5F9-8942-42DB-A1C9-8ACEC3C73B95}.Release|Any CPU.Build.0 = Release|Any CPU
		{94F0B5F9-8942-42DB-A1C9-8ACEC3C73B95}.Release|x64.ActiveCfg = Release|Any CPU
		{94F0B5F9-8942-42DB-A1C9-8ACEC3C73B95}.Release|x64.Build.0 = Release|Any CPU
		{7A4ABB34-8348-4BCC-82E7-A9324D638607}.Debug|Any CPU.ActiveCfg = Debug|Any CPU
		{7A4ABB34-8348-4BCC-82E7-A9324D638607}.Debug|Any CPU.Build.0 = Debug|Any CPU
		{7A4ABB34-8348-4BCC-82E7-A9324D638607}.Debug|x64.ActiveCfg = Debug|x64
		{7A4ABB34-8348-4BCC-82E7-A9324D638607}.Debug|x64.Build.0 = Debug|x64
		{7A4ABB34-8348-4BCC-82E7-A9324D638607}.Release|Any CPU.ActiveCfg = Release|Any CPU
		{7A4ABB34-8348-4BCC-82E7-A9324D638607}.Release|Any CPU.Build.0 = Release|Any CPU
		{7A4ABB34-8348-4BCC-82E7-A9324D638607}.Release|x64.ActiveCfg = Release|Any CPU
		{7A4ABB34-8348-4BCC-82E7-A9324D638607}.Release|x64.Build.0 = Release|Any CPU
		{A498CD9E-09EC-4012-AB00-9557B804D4C4}.Debug|Any CPU.ActiveCfg = Debug|Any CPU
		{A498CD9E-09EC-4012-AB00-9557B804D4C4}.Debug|Any CPU.Build.0 = Debug|Any CPU
		{A498CD9E-09EC-4012-AB00-9557B804D4C4}.Debug|x64.ActiveCfg = Debug|x64
		{A498CD9E-09EC-4012-AB00-9557B804D4C4}.Debug|x64.Build.0 = Debug|x64
		{A498CD9E-09EC-4012-AB00-9557B804D4C4}.Release|Any CPU.ActiveCfg = Release|Any CPU
		{A498CD9E-09EC-4012-AB00-9557B804D4C4}.Release|Any CPU.Build.0 = Release|Any CPU
		{A498CD9E-09EC-4012-AB00-9557B804D4C4}.Release|x64.ActiveCfg = Release|Any CPU
		{A498CD9E-09EC-4012-AB00-9557B804D4C4}.Release|x64.Build.0 = Release|Any CPU
		{A15C7CA7-BD09-49F2-944C-3CD0D3FEC700}.Debug|Any CPU.ActiveCfg = Debug|Any CPU
		{A15C7CA7-BD09-49F2-944C-3CD0D3FEC700}.Debug|Any CPU.Build.0 = Debug|Any CPU
		{A15C7CA7-BD09-49F2-944C-3CD0D3FEC700}.Debug|x64.ActiveCfg = Debug|x64
		{A15C7CA7-BD09-49F2-944C-3CD0D3FEC700}.Debug|x64.Build.0 = Debug|x64
		{A15C7CA7-BD09-49F2-944C-3CD0D3FEC700}.Release|Any CPU.ActiveCfg = Release|Any CPU
		{A15C7CA7-BD09-49F2-944C-3CD0D3FEC700}.Release|Any CPU.Build.0 = Release|Any CPU
		{A15C7CA7-BD09-49F2-944C-3CD0D3FEC700}.Release|x64.ActiveCfg = Release|Any CPU
		{A15C7CA7-BD09-49F2-944C-3CD0D3FEC700}.Release|x64.Build.0 = Release|Any CPU
		{609E8758-ED6F-B454-711D-FF6AC13210FB}.Debug|Any CPU.ActiveCfg = Debug|x64
		{609E8758-ED6F-B454-711D-FF6AC13210FB}.Debug|Any CPU.Build.0 = Debug|x64
		{609E8758-ED6F-B454-711D-FF6AC13210FB}.Debug|x64.ActiveCfg = Debug|x64
		{609E8758-ED6F-B454-711D-FF6AC13210FB}.Debug|x64.Build.0 = Debug|x64
		{609E8758-ED6F-B454-711D-FF6AC13210FB}.Release|Any CPU.ActiveCfg = Release|x64
		{609E8758-ED6F-B454-711D-FF6AC13210FB}.Release|Any CPU.Build.0 = Release|x64
		{609E8758-ED6F-B454-711D-FF6AC13210FB}.Release|x64.ActiveCfg = Release|x64
		{609E8758-ED6F-B454-711D-FF6AC13210FB}.Release|x64.Build.0 = Release|x64
		{91D9C8D3-F0CC-438D-9AFA-7A99F055BA70}.Debug|Any CPU.ActiveCfg = Debug|Any CPU
		{91D9C8D3-F0CC-438D-9AFA-7A99F055BA70}.Debug|Any CPU.Build.0 = Debug|Any CPU
		{91D9C8D3-F0CC-438D-9AFA-7A99F055BA70}.Debug|x64.ActiveCfg = Debug|x64
		{91D9C8D3-F0CC-438D-9AFA-7A99F055BA70}.Debug|x64.Build.0 = Debug|x64
		{91D9C8D3-F0CC-438D-9AFA-7A99F055BA70}.Release|Any CPU.ActiveCfg = Release|Any CPU
		{91D9C8D3-F0CC-438D-9AFA-7A99F055BA70}.Release|Any CPU.Build.0 = Release|Any CPU
		{91D9C8D3-F0CC-438D-9AFA-7A99F055BA70}.Release|x64.ActiveCfg = Release|Any CPU
		{91D9C8D3-F0CC-438D-9AFA-7A99F055BA70}.Release|x64.Build.0 = Release|Any CPU
		{8C95E48A-9D68-4367-8624-D9AB8AD5F756}.Debug|Any CPU.ActiveCfg = Debug|Any CPU
		{8C95E48A-9D68-4367-8624-D9AB8AD5F756}.Debug|Any CPU.Build.0 = Debug|Any CPU
		{8C95E48A-9D68-4367-8624-D9AB8AD5F756}.Debug|x64.ActiveCfg = Debug|Any CPU
		{8C95E48A-9D68-4367-8624-D9AB8AD5F756}.Debug|x64.Build.0 = Debug|Any CPU
		{8C95E48A-9D68-4367-8624-D9AB8AD5F756}.Release|Any CPU.ActiveCfg = Release|Any CPU
		{8C95E48A-9D68-4367-8624-D9AB8AD5F756}.Release|Any CPU.Build.0 = Release|Any CPU
		{8C95E48A-9D68-4367-8624-D9AB8AD5F756}.Release|x64.ActiveCfg = Release|Any CPU
		{8C95E48A-9D68-4367-8624-D9AB8AD5F756}.Release|x64.Build.0 = Release|Any CPU
	EndGlobalSection
	GlobalSection(SolutionProperties) = preSolution
		HideSolutionNode = FALSE
	EndGlobalSection
	GlobalSection(NestedProjects) = preSolution
		{8F47016E-7B1F-4836-BA29-846783F4C65F} = {02EA681E-C7D8-13C7-8484-4AC65E1B71E8}
		{29823879-1C23-414D-A0E0-107611B91B27} = {8F47016E-7B1F-4836-BA29-846783F4C65F}
		{0CEBACB2-D62A-4EAD-8CEC-CE73CF294902} = {02EA681E-C7D8-13C7-8484-4AC65E1B71E8}
		{CCDA00B8-27CC-4ED8-AF3D-A83B384A9760} = {02EA681E-C7D8-13C7-8484-4AC65E1B71E8}
		{99D6FAF8-E82A-429E-95EF-4FF03FAE6C0C} = {CCDA00B8-27CC-4ED8-AF3D-A83B384A9760}
		{AC70A57B-0A50-4312-BB35-73EF3ACCBB20} = {CCDA00B8-27CC-4ED8-AF3D-A83B384A9760}
		{7D289F6A-ACA7-4E7E-A25B-4DE8086C75B0} = {02EA681E-C7D8-13C7-8484-4AC65E1B71E8}
		{055636F4-0107-4320-B6BD-BD970C6DA176} = {0CEBACB2-D62A-4EAD-8CEC-CE73CF294902}
		{877124DA-DADF-451C-BE56-9B8F54E316EC} = {20702003-7045-4DCF-99E0-142FA9806222}
		{20702003-7045-4DCF-99E0-142FA9806222} = {02EA681E-C7D8-13C7-8484-4AC65E1B71E8}
		{0CDF5FFE-33F2-4E38-9443-88D9B8A034C2} = {02EA681E-C7D8-13C7-8484-4AC65E1B71E8}
		{FFCB11DE-E22D-492F-9E98-37F0891C9A4D} = {02EA681E-C7D8-13C7-8484-4AC65E1B71E8}
		{76720EFD-DD3F-4BCD-A270-8347B95FEBA7} = {3EDD2462-B950-43EC-BC9E-65D98F94C6FC}
		{3EDD2462-B950-43EC-BC9E-65D98F94C6FC} = {FFCB11DE-E22D-492F-9E98-37F0891C9A4D}
		{94F0B5F9-8942-42DB-A1C9-8ACEC3C73B95} = {20702003-7045-4DCF-99E0-142FA9806222}
		{7A4ABB34-8348-4BCC-82E7-A9324D638607} = {0CDF5FFE-33F2-4E38-9443-88D9B8A034C2}
		{4C284F37-317A-4524-888C-9B4F010E3C22} = {02EA681E-C7D8-13C7-8484-4AC65E1B71E8}
		{A498CD9E-09EC-4012-AB00-9557B804D4C4} = {4C284F37-317A-4524-888C-9B4F010E3C22}
		{A15C7CA7-BD09-49F2-944C-3CD0D3FEC700} = {4C284F37-317A-4524-888C-9B4F010E3C22}
		{609E8758-ED6F-B454-711D-FF6AC13210FB} = {4C284F37-317A-4524-888C-9B4F010E3C22}
		{91D9C8D3-F0CC-438D-9AFA-7A99F055BA70} = {0CDF5FFE-33F2-4E38-9443-88D9B8A034C2}
		{8C95E48A-9D68-4367-8624-D9AB8AD5F756} = {7D289F6A-ACA7-4E7E-A25B-4DE8086C75B0}
	EndGlobalSection
	GlobalSection(ExtensibilityGlobals) = postSolution
		SolutionGuid = {844905FD-302E-4995-AC88-FAD51CBC0076}
	EndGlobalSection
EndGlobal
